
Microsoft Visual Studio Solution File, Format Version 12.00
# Visual Studio 2013
VisualStudioVersion = 12.0.21005.1
MinimumVisualStudioVersion = 10.0.40219.1
Project("{FAE04EC0-301F-11D3-BF4B-00C04F79EFBC}") = "2001207166_LeThanhAn", "2001207166_LeThanhAn\2001207166_LeThanhAn.csproj", "{17ACBD9E-F95F-49AA-8525-0B81BF942E62}"
EndProject
Project("{FAE04EC0-301F-11D3-BF4B-00C04F79EFBC}") = "DTO", "DTO\DTO.csproj", "{12D827A1-050D-471D-B54D-C8FB4EF63196}"
EndProject
Global
	GlobalSection(SolutionConfigurationPlatforms) = preSolution
		Debug|Any CPU = Debug|Any CPU
		Release|Any CPU = Release|Any CPU
	EndGlobalSection
	GlobalSection(ProjectConfigurationPlatforms) = postSolution
		{17ACBD9E-F95F-49AA-8525-0B81BF942E62}.Debug|Any CPU.ActiveCfg = Debug|Any CPU
		{17ACBD9E-F95F-49AA-8525-0B81BF942E62}.Debug|Any CPU.Build.0 = Debug|Any CPU
		{17ACBD9E-F95F-49AA-8525-0B81BF942E62}.Release|Any CPU.ActiveCfg = Release|Any CPU
		{17ACBD9E-F95F-49AA-8525-0B81BF942E62}.Release|Any CPU.Build.0 = Release|Any CPU
		{12D827A1-050D-471D-B54D-C8FB4EF63196}.Debug|Any CPU.ActiveCfg = Debug|Any CPU
		{12D827A1-050D-471D-B54D-C8FB4EF63196}.Debug|Any CPU.Build.0 = Debug|Any CPU
		{12D827A1-050D-471D-B54D-C8FB4EF63196}.Release|Any CPU.ActiveCfg = Release|Any CPU
		{12D827A1-050D-471D-B54D-C8FB4EF63196}.Release|Any CPU.Build.0 = Release|Any CPU
	EndGlobalSection
	GlobalSection(SolutionProperties) = preSolution
		HideSolutionNode = FALSE
	EndGlobalSection
EndGlobal
